
Microsoft Visual Studio Solution File, Format Version 12.00
Project("{FAE04EC0-301F-11D3-BF4B-00C04F79EFBC}") = "Debts.API", "Debts.API\Debts.API.csproj", "{2CA2F449-46F7-4C0F-B440-F9D76A50FD96}"
EndProject
Project("{FAE04EC0-301F-11D3-BF4B-00C04F79EFBC}") = "Debts.Application", "Debts.Application\Debts.Application.csproj", "{A5FD1B7B-76B0-4A60-90B4-D1F93D68B324}"
EndProject
Project("{FAE04EC0-301F-11D3-BF4B-00C04F79EFBC}") = "Debts.Domain", "Debts.Domain\Debts.Domain.csproj", "{6277DB37-41EC-46E9-891F-ED19A6281B44}"
EndProject
Project("{FAE04EC0-301F-11D3-BF4B-00C04F79EFBC}") = "Debts.Infrastructure", "Debts.Infrastructure\Debts.Infrastructure.csproj", "{254F4F27-BB8E-44C5-8EF7-5D69CB628190}"
EndProject
Project("{2150E333-8FDC-42A3-9474-1A3956D46DE8}") = "src", "src", "{B1661F91-5E50-44EA-8B84-724E911FF98A}"
EndProject
Project("{FAE04EC0-301F-11D3-BF4B-00C04F79EFBC}") = "CreditScore.Api", "CreditScore.Api\CreditScore.Api.csproj", "{76E848FC-12CA-4465-9318-6EDA6404CA9D}"
EndProject
Project("{FAE04EC0-301F-11D3-BF4B-00C04F79EFBC}") = "Shared.Contracts", "Shared.Contracts\Shared.Contracts.csproj", "{72A74A80-8E1F-4F7C-B5E4-F4C0977349F5}"
EndProject
Global
	GlobalSection(SolutionConfigurationPlatforms) = preSolution
		Debug|Any CPU = Debug|Any CPU
		Debug|x64 = Debug|x64
		Debug|x86 = Debug|x86
		Release|Any CPU = Release|Any CPU
		Release|x64 = Release|x64
		Release|x86 = Release|x86
	EndGlobalSection
	GlobalSection(ProjectConfigurationPlatforms) = postSolution
		{2CA2F449-46F7-4C0F-B440-F9D76A50FD96}.Debug|Any CPU.ActiveCfg = Debug|Any CPU
		{2CA2F449-46F7-4C0F-B440-F9D76A50FD96}.Debug|Any CPU.Build.0 = Debug|Any CPU
		{2CA2F449-46F7-4C0F-B440-F9D76A50FD96}.Debug|x64.ActiveCfg = Debug|Any CPU
		{2CA2F449-46F7-4C0F-B440-F9D76A50FD96}.Debug|x64.Build.0 = Debug|Any CPU
		{2CA2F449-46F7-4C0F-B440-F9D76A50FD96}.Debug|x86.ActiveCfg = Debug|Any CPU
		{2CA2F449-46F7-4C0F-B440-F9D76A50FD96}.Debug|x86.Build.0 = Debug|Any CPU
		{2CA2F449-46F7-4C0F-B440-F9D76A50FD96}.Release|Any CPU.ActiveCfg = Release|Any CPU
		{2CA2F449-46F7-4C0F-B440-F9D76A50FD96}.Release|Any CPU.Build.0 = Release|Any CPU
		{2CA2F449-46F7-4C0F-B440-F9D76A50FD96}.Release|x64.ActiveCfg = Release|Any CPU
		{2CA2F449-46F7-4C0F-B440-F9D76A50FD96}.Release|x64.Build.0 = Release|Any CPU
		{2CA2F449-46F7-4C0F-B440-F9D76A50FD96}.Release|x86.ActiveCfg = Release|Any CPU
		{2CA2F449-46F7-4C0F-B440-F9D76A50FD96}.Release|x86.Build.0 = Release|Any CPU
		{A5FD1B7B-76B0-4A60-90B4-D1F93D68B324}.Debug|Any CPU.ActiveCfg = Debug|Any CPU
		{A5FD1B7B-76B0-4A60-90B4-D1F93D68B324}.Debug|Any CPU.Build.0 = Debug|Any CPU
		{A5FD1B7B-76B0-4A60-90B4-D1F93D68B324}.Debug|x64.ActiveCfg = Debug|Any CPU
		{A5FD1B7B-76B0-4A60-90B4-D1F93D68B324}.Debug|x64.Build.0 = Debug|Any CPU
		{A5FD1B7B-76B0-4A60-90B4-D1F93D68B324}.Debug|x86.ActiveCfg = Debug|Any CPU
		{A5FD1B7B-76B0-4A60-90B4-D1F93D68B324}.Debug|x86.Build.0 = Debug|Any CPU
		{A5FD1B7B-76B0-4A60-90B4-D1F93D68B324}.Release|Any CPU.ActiveCfg = Release|Any CPU
		{A5FD1B7B-76B0-4A60-90B4-D1F93D68B324}.Release|Any CPU.Build.0 = Release|Any CPU
		{A5FD1B7B-76B0-4A60-90B4-D1F93D68B324}.Release|x64.ActiveCfg = Release|Any CPU
		{A5FD1B7B-76B0-4A60-90B4-D1F93D68B324}.Release|x64.Build.0 = Release|Any CPU
		{A5FD1B7B-76B0-4A60-90B4-D1F93D68B324}.Release|x86.ActiveCfg = Release|Any CPU
		{A5FD1B7B-76B0-4A60-90B4-D1F93D68B324}.Release|x86.Build.0 = Release|Any CPU
		{6277DB37-41EC-46E9-891F-ED19A6281B44}.Debug|Any CPU.ActiveCfg = Debug|Any CPU
		{6277DB37-41EC-46E9-891F-ED19A6281B44}.Debug|Any CPU.Build.0 = Debug|Any CPU
		{6277DB37-41EC-46E9-891F-ED19A6281B44}.Debug|x64.ActiveCfg = Debug|Any CPU
		{6277DB37-41EC-46E9-891F-ED19A6281B44}.Debug|x64.Build.0 = Debug|Any CPU
		{6277DB37-41EC-46E9-891F-ED19A6281B44}.Debug|x86.ActiveCfg = Debug|Any CPU
		{6277DB37-41EC-46E9-891F-ED19A6281B44}.Debug|x86.Build.0 = Debug|Any CPU
		{6277DB37-41EC-46E9-891F-ED19A6281B44}.Release|Any CPU.ActiveCfg = Release|Any CPU
		{6277DB37-41EC-46E9-891F-ED19A6281B44}.Release|Any CPU.Build.0 = Release|Any CPU
		{6277DB37-41EC-46E9-891F-ED19A6281B44}.Release|x64.ActiveCfg = Release|Any CPU
		{6277DB37-41EC-46E9-891F-ED19A6281B44}.Release|x64.Build.0 = Release|Any CPU
		{6277DB37-41EC-46E9-891F-ED19A6281B44}.Release|x86.ActiveCfg = Release|Any CPU
		{6277DB37-41EC-46E9-891F-ED19A6281B44}.Release|x86.Build.0 = Release|Any CPU
		{254F4F27-BB8E-44C5-8EF7-5D69CB628190}.Debug|Any CPU.ActiveCfg = Debug|Any CPU
		{254F4F27-BB8E-44C5-8EF7-5D69CB628190}.Debug|Any CPU.Build.0 = Debug|Any CPU
		{254F4F27-BB8E-44C5-8EF7-5D69CB628190}.Debug|x64.ActiveCfg = Debug|Any CPU
		{254F4F27-BB8E-44C5-8EF7-5D69CB628190}.Debug|x64.Build.0 = Debug|Any CPU
		{254F4F27-BB8E-44C5-8EF7-5D69CB628190}.Debug|x86.ActiveCfg = Debug|Any CPU
		{254F4F27-BB8E-44C5-8EF7-5D69CB628190}.Debug|x86.Build.0 = Debug|Any CPU
		{254F4F27-BB8E-44C5-8EF7-5D69CB628190}.Release|Any CPU.ActiveCfg = Release|Any CPU
		{254F4F27-BB8E-44C5-8EF7-5D69CB628190}.Release|Any CPU.Build.0 = Release|Any CPU
		{254F4F27-BB8E-44C5-8EF7-5D69CB628190}.Release|x64.ActiveCfg = Release|Any CPU
		{254F4F27-BB8E-44C5-8EF7-5D69CB628190}.Release|x64.Build.0 = Release|Any CPU
		{254F4F27-BB8E-44C5-8EF7-5D69CB628190}.Release|x86.ActiveCfg = Release|Any CPU
		{254F4F27-BB8E-44C5-8EF7-5D69CB628190}.Release|x86.Build.0 = Release|Any CPU
		{76E848FC-12CA-4465-9318-6EDA6404CA9D}.Debug|Any CPU.ActiveCfg = Debug|Any CPU
		{76E848FC-12CA-4465-9318-6EDA6404CA9D}.Debug|Any CPU.Build.0 = Debug|Any CPU
		{76E848FC-12CA-4465-9318-6EDA6404CA9D}.Debug|x64.ActiveCfg = Debug|Any CPU
		{76E848FC-12CA-4465-9318-6EDA6404CA9D}.Debug|x64.Build.0 = Debug|Any CPU
		{76E848FC-12CA-4465-9318-6EDA6404CA9D}.Debug|x86.ActiveCfg = Debug|Any CPU
		{76E848FC-12CA-4465-9318-6EDA6404CA9D}.Debug|x86.Build.0 = Debug|Any CPU
		{76E848FC-12CA-4465-9318-6EDA6404CA9D}.Release|Any CPU.ActiveCfg = Release|Any CPU
		{76E848FC-12CA-4465-9318-6EDA6404CA9D}.Release|Any CPU.Build.0 = Release|Any CPU
		{76E848FC-12CA-4465-9318-6EDA6404CA9D}.Release|x64.ActiveCfg = Release|Any CPU
		{76E848FC-12CA-4465-9318-6EDA6404CA9D}.Release|x64.Build.0 = Release|Any CPU
		{76E848FC-12CA-4465-9318-6EDA6404CA9D}.Release|x86.ActiveCfg = Release|Any CPU
		{76E848FC-12CA-4465-9318-6EDA6404CA9D}.Release|x86.Build.0 = Release|Any CPU
		{72A74A80-8E1F-4F7C-B5E4-F4C0977349F5}.Debug|Any CPU.ActiveCfg = Debug|Any CPU
		{72A74A80-8E1F-4F7C-B5E4-F4C0977349F5}.Debug|Any CPU.Build.0 = Debug|Any CPU
		{72A74A80-8E1F-4F7C-B5E4-F4C0977349F5}.Debug|x64.ActiveCfg = Debug|Any CPU
		{72A74A80-8E1F-4F7C-B5E4-F4C0977349F5}.Debug|x64.Build.0 = Debug|Any CPU
		{72A74A80-8E1F-4F7C-B5E4-F4C0977349F5}.Debug|x86.ActiveCfg = Debug|Any CPU
		{72A74A80-8E1F-4F7C-B5E4-F4C0977349F5}.Debug|x86.Build.0 = Debug|Any CPU
		{72A74A80-8E1F-4F7C-B5E4-F4C0977349F5}.Release|Any CPU.ActiveCfg = Release|Any CPU
		{72A74A80-8E1F-4F7C-B5E4-F4C0977349F5}.Release|Any CPU.Build.0 = Release|Any CPU
		{72A74A80-8E1F-4F7C-B5E4-F4C0977349F5}.Release|x64.ActiveCfg = Release|Any CPU
		{72A74A80-8E1F-4F7C-B5E4-F4C0977349F5}.Release|x64.Build.0 = Release|Any CPU
		{72A74A80-8E1F-4F7C-B5E4-F4C0977349F5}.Release|x86.ActiveCfg = Release|Any CPU
		{72A74A80-8E1F-4F7C-B5E4-F4C0977349F5}.Release|x86.Build.0 = Release|Any CPU
	EndGlobalSection
	GlobalSection(SolutionProperties) = preSolution
		HideSolutionNode = FALSE
	EndGlobalSection
	GlobalSection(NestedProjects) = preSolution
		{2CA2F449-46F7-4C0F-B440-F9D76A50FD96} = {B1661F91-5E50-44EA-8B84-724E911FF98A}
		{A5FD1B7B-76B0-4A60-90B4-D1F93D68B324} = {B1661F91-5E50-44EA-8B84-724E911FF98A}
		{6277DB37-41EC-46E9-891F-ED19A6281B44} = {B1661F91-5E50-44EA-8B84-724E911FF98A}
		{254F4F27-BB8E-44C5-8EF7-5D69CB628190} = {B1661F91-5E50-44EA-8B84-724E911FF98A}
	EndGlobalSection
EndGlobal
